
Microsoft Visual Studio Solution File, Format Version 11.00
# Visual C++ Express 2010
Project("{8BC9CEB8-8B4A-11D0-8D11-00A0C91BC942}") = "vs10example02", "vs10example02.vcxproj", "{0D56A3E3-C44A-4F0D-9A2E-5038441C0B79}"
EndProject
Global
	GlobalSection(SolutionConfigurationPlatforms) = preSolution
		Debug|Win32 = Debug|Win32
		Release|Win32 = Release|Win32
	EndGlobalSection
	GlobalSection(ProjectConfigurationPlatforms) = postSolution
		{0D56A3E3-C44A-4F0D-9A2E-5038441C0B79}.Debug|Win32.ActiveCfg = Debug|Win32
		{0D56A3E3-C44A-4F0D-9A2E-5038441C0B79}.Debug|Win32.Build.0 = Debug|Win32
		{0D56A3E3-C44A-4F0D-9A2E-5038441C0B79}.Release|Win32.ActiveCfg = Release|Win32
		{0D56A3E3-C44A-4F0D-9A2E-5038441C0B79}.Release|Win32.Build.0 = Release|Win32
	EndGlobalSection
	GlobalSection(SolutionProperties) = preSolution
		HideSolutionNode = FALSE
	EndGlobalSection
EndGlobal
